Microsoft Visual Studio Solution File, Format Version 12.00
# Visual Studio Version 16
VisualStudioVersion = 16.0.28803.202
MinimumVisualStudioVersion = 10.0.40219.1
Project("{F184B08F-C81C-45F6-A57F-5ABD9991F28F}") = "AppUI_OrfDBHandler", "AppUI_OrfDBHandler\AppUI_OrfDBHandler.vbproj", "{78AD9853-60BB-4B10-8FF2-418B3A21092D}"
	ProjectSection(ProjectDependencies) = postProject
		{E476B943-B24F-4483-A0F1-FFE2D20B4258} = {E476B943-B24F-4483-A0F1-FFE2D20B4258}
		{28D5A54E-B47D-41F3-95AB-96C4346ADE38} = {28D5A54E-B47D-41F3-95AB-96C4346ADE38}
		{85531A5F-F4DB-42EB-B597-397ADF10B0E9} = {85531A5F-F4DB-42EB-B597-397ADF10B0E9}
		{15939683-D5B9-4784-9E16-89B0C059D3C8} = {15939683-D5B9-4784-9E16-89B0C059D3C8}
		{A698B58B-15B8-4893-81AD-116D57B9B404} = {A698B58B-15B8-4893-81AD-116D57B9B404}
		{99C5D78C-00DA-49A5-BAC8-19ADFE95FABE} = {99C5D78C-00DA-49A5-BAC8-19ADFE95FABE}
		{3AA2CACA-0803-4A08-96A2-C1EAE0F2D832} = {3AA2CACA-0803-4A08-96A2-C1EAE0F2D832}
		{77B1CDDC-23D8-4408-8CA3-6FA8A31A975A} = {77B1CDDC-23D8-4408-8CA3-6FA8A31A975A}
		{8989FDEF-3CA5-42ED-B080-294CE455A72E} = {8989FDEF-3CA5-42ED-B080-294CE455A72E}
	EndProjectSection
EndProject
Project("{F184B08F-C81C-45F6-A57F-5ABD9991F28F}") = "Protein_Exporter", "Protein_Exporter\Protein_Exporter.vbproj", "{A698B58B-15B8-4893-81AD-116D57B9B404}"
	ProjectSection(ProjectDependencies) = postProject
		{77B1CDDC-23D8-4408-8CA3-6FA8A31A975A} = {77B1CDDC-23D8-4408-8CA3-6FA8A31A975A}
	EndProjectSection
EndProject
Project("{F184B08F-C81C-45F6-A57F-5ABD9991F28F}") = "Protein_Storage", "Protein_Storage\Protein_Storage.vbproj", "{77B1CDDC-23D8-4408-8CA3-6FA8A31A975A}"
	ProjectSection(ProjectDependencies) = postProject
		{15939683-D5B9-4784-9E16-89B0C059D3C8} = {15939683-D5B9-4784-9E16-89B0C059D3C8}
	EndProjectSection
EndProject
Project("{F184B08F-C81C-45F6-A57F-5ABD9991F28F}") = "TableManipulationBase", "TableManipulationBase\TableManipulationBase.vbproj", "{15939683-D5B9-4784-9E16-89B0C059D3C8}"
EndProject
Project("{F184B08F-C81C-45F6-A57F-5ABD9991F28F}") = "Protein_Uploader", "Protein_Uploader\Protein_Uploader.vbproj", "{8989FDEF-3CA5-42ED-B080-294CE455A72E}"
	ProjectSection(ProjectDependencies) = postProject
		{28D5A54E-B47D-41F3-95AB-96C4346ADE38} = {28D5A54E-B47D-41F3-95AB-96C4346ADE38}
		{15939683-D5B9-4784-9E16-89B0C059D3C8} = {15939683-D5B9-4784-9E16-89B0C059D3C8}
		{A698B58B-15B8-4893-81AD-116D57B9B404} = {A698B58B-15B8-4893-81AD-116D57B9B404}
		{77B1CDDC-23D8-4408-8CA3-6FA8A31A975A} = {77B1CDDC-23D8-4408-8CA3-6FA8A31A975A}
	EndProjectSection
EndProject
Project("{F184B08F-C81C-45F6-A57F-5ABD9991F28F}") = "ExtractAdditionalAnnotations", "ExtractAnnotationFromDescription\ExtractAdditionalAnnotations.vbproj", "{E476B943-B24F-4483-A0F1-FFE2D20B4258}"
EndProject
Project("{F184B08F-C81C-45F6-A57F-5ABD9991F28F}") = "NucleotideTranslator", "NucleotideTranslator\NucleotideTranslator.vbproj", "{3AA2CACA-0803-4A08-96A2-C1EAE0F2D832}"
EndProject
Project("{F184B08F-C81C-45F6-A57F-5ABD9991F28F}") = "Protein_Importer", "Protein_Importer\Protein_Importer.vbproj", "{28D5A54E-B47D-41F3-95AB-96C4346ADE38}"
EndProject
Project("{F184B08F-C81C-45F6-A57F-5ABD9991F28F}") = "TranslationTableImport", "TranslationTableImport\TranslationTableImport.vbproj", "{85531A5F-F4DB-42EB-B597-397ADF10B0E9}"
EndProject
Project("{F184B08F-C81C-45F6-A57F-5ABD9991F28F}") = "SequenceInfoCalculator", "SequenceInfoCalculator\SequenceInfoCalculator.vbproj", "{99C5D78C-00DA-49A5-BAC8-19ADFE95FABE}"
EndProject
Project("{F184B08F-C81C-45F6-A57F-5ABD9991F28F}") = "FastaFileMaker_Exe", "FastaFileMaker_Exe\FastaFileMaker_Exe.vbproj", "{B291F511-6EB2-447A-B7E2-B2A2E50AF2DE}"
	ProjectSection(ProjectDependencies) = postProject
		{15939683-D5B9-4784-9E16-89B0C059D3C8} = {15939683-D5B9-4784-9E16-89B0C059D3C8}
		{A698B58B-15B8-4893-81AD-116D57B9B404} = {A698B58B-15B8-4893-81AD-116D57B9B404}
	EndProjectSection
EndProject
Project("{F184B08F-C81C-45F6-A57F-5ABD9991F28F}") = "Bulk_Fasta_Importer", "Bulk_Fasta_Importer\Bulk_Fasta_Importer.vbproj", "{B3D45B56-D409-4AFC-9674-833A3721DBAC}"
EndProject
Project("{FAE04EC0-301F-11D3-BF4B-00C04F79EFBC}") = "UIControls", "UIControls\UIControls.csproj", "{E44F2CC8-20CB-4862-8BFB-A2F3D9220C57}"
EndProject
Global
	GlobalSection(SolutionConfigurationPlatforms) = preSolution
		Debug|Any CPU = Debug|Any CPU
		Release|Any CPU = Release|Any CPU
	EndGlobalSection
	GlobalSection(ProjectConfigurationPlatforms) = postSolution
		{78AD9853-60BB-4B10-8FF2-418B3A21092D}.Debug|Any CPU.ActiveCfg = Debug|Any CPU
		{78AD9853-60BB-4B10-8FF2-418B3A21092D}.Release|Any CPU.ActiveCfg = Release|Any CPU
		{A698B58B-15B8-4893-81AD-116D57B9B404}.Debug|Any CPU.ActiveCfg = Debug|Any CPU
		{A698B58B-15B8-4893-81AD-116D57B9B404}.Debug|Any CPU.Build.0 = Debug|Any CPU
		{A698B58B-15B8-4893-81AD-116D57B9B404}.Release|Any CPU.ActiveCfg = Release|Any CPU
		{A698B58B-15B8-4893-81AD-116D57B9B404}.Release|Any CPU.Build.0 = Release|Any CPU
		{77B1CDDC-23D8-4408-8CA3-6FA8A31A975A}.Debug|Any CPU.ActiveCfg = Debug|Any CPU
		{77B1CDDC-23D8-4408-8CA3-6FA8A31A975A}.Debug|Any CPU.Build.0 = Debug|Any CPU
		{77B1CDDC-23D8-4408-8CA3-6FA8A31A975A}.Release|Any CPU.ActiveCfg = Release|Any CPU
		{77B1CDDC-23D8-4408-8CA3-6FA8A31A975A}.Release|Any CPU.Build.0 = Release|Any CPU
		{15939683-D5B9-4784-9E16-89B0C059D3C8}.Debug|Any CPU.ActiveCfg = Debug|Any CPU
		{15939683-D5B9-4784-9E16-89B0C059D3C8}.Debug|Any CPU.Build.0 = Debug|Any CPU
		{15939683-D5B9-4784-9E16-89B0C059D3C8}.Release|Any CPU.ActiveCfg = Release|Any CPU
		{15939683-D5B9-4784-9E16-89B0C059D3C8}.Release|Any CPU.Build.0 = Release|Any CPU
		{8989FDEF-3CA5-42ED-B080-294CE455A72E}.Debug|Any CPU.ActiveCfg = Debug|Any CPU
		{8989FDEF-3CA5-42ED-B080-294CE455A72E}.Debug|Any CPU.Build.0 = Debug|Any CPU
		{8989FDEF-3CA5-42ED-B080-294CE455A72E}.Release|Any CPU.ActiveCfg = Release|Any CPU
		{8989FDEF-3CA5-42ED-B080-294CE455A72E}.Release|Any CPU.Build.0 = Release|Any CPU
		{E476B943-B24F-4483-A0F1-FFE2D20B4258}.Debug|Any CPU.ActiveCfg = Debug|Any CPU
		{E476B943-B24F-4483-A0F1-FFE2D20B4258}.Debug|Any CPU.Build.0 = Debug|Any CPU
		{E476B943-B24F-4483-A0F1-FFE2D20B4258}.Release|Any CPU.ActiveCfg = Release|Any CPU
		{E476B943-B24F-4483-A0F1-FFE2D20B4258}.Release|Any CPU.Build.0 = Release|Any CPU
		{3AA2CACA-0803-4A08-96A2-C1EAE0F2D832}.Debug|Any CPU.ActiveCfg = Debug|Any CPU
		{3AA2CACA-0803-4A08-96A2-C1EAE0F2D832}.Debug|Any CPU.Build.0 = Debug|Any CPU
		{3AA2CACA-0803-4A08-96A2-C1EAE0F2D832}.Release|Any CPU.ActiveCfg = Release|Any CPU
		{3AA2CACA-0803-4A08-96A2-C1EAE0F2D832}.Release|Any CPU.Build.0 = Release|Any CPU
		{28D5A54E-B47D-41F3-95AB-96C4346ADE38}.Debug|Any CPU.ActiveCfg = Debug|Any CPU
		{28D5A54E-B47D-41F3-95AB-96C4346ADE38}.Debug|Any CPU.Build.0 = Debug|Any CPU
		{28D5A54E-B47D-41F3-95AB-96C4346ADE38}.Release|Any CPU.ActiveCfg = Release|Any CPU
		{28D5A54E-B47D-41F3-95AB-96C4346ADE38}.Release|Any CPU.Build.0 = Release|Any CPU
		{85531A5F-F4DB-42EB-B597-397ADF10B0E9}.Debug|Any CPU.ActiveCfg = Debug|Any CPU
		{85531A5F-F4DB-42EB-B597-397ADF10B0E9}.Debug|Any CPU.Build.0 = Debug|Any CPU
		{85531A5F-F4DB-42EB-B597-397ADF10B0E9}.Release|Any CPU.ActiveCfg = Release|Any CPU
		{85531A5F-F4DB-42EB-B597-397ADF10B0E9}.Release|Any CPU.Build.0 = Release|Any CPU
		{99C5D78C-00DA-49A5-BAC8-19ADFE95FABE}.Debug|Any CPU.ActiveCfg = Debug|Any CPU
		{99C5D78C-00DA-49A5-BAC8-19ADFE95FABE}.Debug|Any CPU.Build.0 = Debug|Any CPU
		{99C5D78C-00DA-49A5-BAC8-19ADFE95FABE}.Release|Any CPU.ActiveCfg = Release|Any CPU
		{99C5D78C-00DA-49A5-BAC8-19ADFE95FABE}.Release|Any CPU.Build.0 = Release|Any CPU
		{B291F511-6EB2-447A-B7E2-B2A2E50AF2DE}.Debug|Any CPU.ActiveCfg = Debug|Any CPU
		{B291F511-6EB2-447A-B7E2-B2A2E50AF2DE}.Debug|Any CPU.Build.0 = Debug|Any CPU
		{B291F511-6EB2-447A-B7E2-B2A2E50AF2DE}.Release|Any CPU.ActiveCfg = Release|Any CPU
		{B291F511-6EB2-447A-B7E2-B2A2E50AF2DE}.Release|Any CPU.Build.0 = Release|Any CPU
		{B3D45B56-D409-4AFC-9674-833A3721DBAC}.Debug|Any CPU.ActiveCfg = Debug|Any CPU
		{B3D45B56-D409-4AFC-9674-833A3721DBAC}.Debug|Any CPU.Build.0 = Debug|Any CPU
		{B3D45B56-D409-4AFC-9674-833A3721DBAC}.Release|Any CPU.ActiveCfg = Release|Any CPU
		{B3D45B56-D409-4AFC-9674-833A3721DBAC}.Release|Any CPU.Build.0 = Release|Any CPU
		{E44F2CC8-20CB-4862-8BFB-A2F3D9220C57}.Debug|Any CPU.ActiveCfg = Debug|Any CPU
		{E44F2CC8-20CB-4862-8BFB-A2F3D9220C57}.Debug|Any CPU.Build.0 = Debug|Any CPU
		{E44F2CC8-20CB-4862-8BFB-A2F3D9220C57}.Release|Any CPU.ActiveCfg = Release|Any CPU
		{E44F2CC8-20CB-4862-8BFB-A2F3D9220C57}.Release|Any CPU.Build.0 = Release|Any CPU
	EndGlobalSection
	GlobalSection(SolutionProperties) = preSolution
		HideSolutionNode = FALSE
	EndGlobalSection
	GlobalSection(ExtensibilityGlobals) = postSolution
		SolutionGuid = {FDDAB68F-79B2-457A-ACBE-54FCF5169B16}
	EndGlobalSection
EndGlobal
