Microsoft Visual Studio Solution File, Format Version 12.00
# Visual Studio Version 16
VisualStudioVersion = 16.0.31005.135
MinimumVisualStudioVersion = 10.0.40219.1
Project("{FAE04EC0-301F-11D3-BF4B-00C04F79EFBC}") = "AppUI_OrfDBHandler", "AppUI_OrfDBHandler\AppUI_OrfDBHandler.csproj", "{78AD9853-60BB-4B10-8FF2-418B3A21092D}"
EndProject
Project("{FAE04EC0-301F-11D3-BF4B-00C04F79EFBC}") = "FastaFileMaker_Exe", "FastaFileMaker_Exe\FastaFileMaker_Exe.csproj", "{B291F511-6EB2-447A-B7E2-B2A2E50AF2DE}"
EndProject
Project("{FAE04EC0-301F-11D3-BF4B-00C04F79EFBC}") = "Bulk_Fasta_Importer", "Bulk_Fasta_Importer\Bulk_Fasta_Importer.csproj", "{B3D45B56-D409-4AFC-9674-833A3721DBAC}"
EndProject
Project("{FAE04EC0-301F-11D3-BF4B-00C04F79EFBC}") = "OrganismDatabaseHandler", "OrganismDatabaseHandler\OrganismDatabaseHandler.csproj", "{4CDAED86-D8C3-4C59-B11A-926AEAB89B74}"
EndProject
Global
	GlobalSection(SolutionConfigurationPlatforms) = preSolution
		Debug|Any CPU = Debug|Any CPU
		Release|Any CPU = Release|Any CPU
	EndGlobalSection
	GlobalSection(ProjectConfigurationPlatforms) = postSolution
		{78AD9853-60BB-4B10-8FF2-418B3A21092D}.Debug|Any CPU.ActiveCfg = Debug|Any CPU
		{78AD9853-60BB-4B10-8FF2-418B3A21092D}.Debug|Any CPU.Build.0 = Debug|Any CPU
		{78AD9853-60BB-4B10-8FF2-418B3A21092D}.Release|Any CPU.ActiveCfg = Release|Any CPU
		{78AD9853-60BB-4B10-8FF2-418B3A21092D}.Release|Any CPU.Build.0 = Release|Any CPU
		{B291F511-6EB2-447A-B7E2-B2A2E50AF2DE}.Debug|Any CPU.ActiveCfg = Debug|Any CPU
		{B291F511-6EB2-447A-B7E2-B2A2E50AF2DE}.Debug|Any CPU.Build.0 = Debug|Any CPU
		{B291F511-6EB2-447A-B7E2-B2A2E50AF2DE}.Release|Any CPU.ActiveCfg = Release|Any CPU
		{B291F511-6EB2-447A-B7E2-B2A2E50AF2DE}.Release|Any CPU.Build.0 = Release|Any CPU
		{B3D45B56-D409-4AFC-9674-833A3721DBAC}.Debug|Any CPU.ActiveCfg = Debug|Any CPU
		{B3D45B56-D409-4AFC-9674-833A3721DBAC}.Debug|Any CPU.Build.0 = Debug|Any CPU
		{B3D45B56-D409-4AFC-9674-833A3721DBAC}.Release|Any CPU.ActiveCfg = Release|Any CPU
		{B3D45B56-D409-4AFC-9674-833A3721DBAC}.Release|Any CPU.Build.0 = Release|Any CPU
		{4CDAED86-D8C3-4C59-B11A-926AEAB89B74}.Debug|Any CPU.ActiveCfg = Debug|Any CPU
		{4CDAED86-D8C3-4C59-B11A-926AEAB89B74}.Debug|Any CPU.Build.0 = Debug|Any CPU
		{4CDAED86-D8C3-4C59-B11A-926AEAB89B74}.Release|Any CPU.ActiveCfg = Release|Any CPU
		{4CDAED86-D8C3-4C59-B11A-926AEAB89B74}.Release|Any CPU.Build.0 = Release|Any CPU
	EndGlobalSection
	GlobalSection(SolutionProperties) = preSolution
		HideSolutionNode = FALSE
	EndGlobalSection
	GlobalSection(ExtensibilityGlobals) = postSolution
		SolutionGuid = {FDDAB68F-79B2-457A-ACBE-54FCF5169B16}
	EndGlobalSection
EndGlobal
